
Microsoft Visual Studio Solution File, Format Version 12.00
# Visual Studio 15
VisualStudioVersion = 15.0.28307.136
MinimumVisualStudioVersion = 10.0.40219.1
Project("{FAE04EC0-301F-11D3-BF4B-00C04F79EFBC}") = "AdoNetSample", "AdoNetSample\AdoNetSample.csproj", "{7F7AAFCA-01DF-4D53-9C29-CB30F31F81F0}"
EndProject
Global
	GlobalSection(SolutionConfigurationPlatforms) = preSolution
		Debug|Any CPU = Debug|Any CPU
		Release|Any CPU = Release|Any CPU
	EndGlobalSection
	GlobalSection(ProjectConfigurationPlatforms) = postSolution
		{7F7AAFCA-01DF-4D53-9C29-CB30F31F81F0}.Debug|Any CPU.ActiveCfg = Debug|Any CPU
		{7F7AAFCA-01DF-4D53-9C29-CB30F31F81F0}.Debug|Any CPU.Build.0 = Debug|Any CPU
		{7F7AAFCA-01DF-4D53-9C29-CB30F31F81F0}.Release|Any CPU.ActiveCfg = Release|Any CPU
		{7F7AAFCA-01DF-4D53-9C29-CB30F31F81F0}.Release|Any CPU.Build.0 = Release|Any CPU
	EndGlobalSection
	GlobalSection(SolutionProperties) = preSolution
		HideSolutionNode = FALSE
	EndGlobalSection
	GlobalSection(ExtensibilityGlobals) = postSolution
		SolutionGuid = {D3C08EFC-646F-44B8-B8EE-35835F6C15E9}
	EndGlobalSection
EndGlobal
